// !$*UTF8*$!
{
	archiveVersion = 1;
	classes = {
	};
	objectVersion = 46;
	objects = {

/* Begin PBXBuildFile section */
		859EB5211F4F35E900F17A06 /* AppDelegate.swift in Sources */ = {isa = PBXBuildFile; fileRef = 859EB5201F4F35E900F17A06 /* AppDelegate.swift */; };
		859EB5261F4F35E900F17A06 /* Main.storyboard in Resources */ = {isa = PBXBuildFile; fileRef = 859EB5241F4F35E900F17A06 /* Main.storyboard */; };
		859EB5281F4F35E900F17A06 /* Assets.xcassets in Resources */ = {isa = PBXBuildFile; fileRef = 859EB5271F4F35E900F17A06 /* Assets.xcassets */; };
		859EB52B1F4F35E900F17A06 /* LaunchScreen.storyboard in Resources */ = {isa = PBXBuildFile; fileRef = 859EB5291F4F35E900F17A06 /* LaunchScreen.storyboard */; };
		859EB5361F4F35E900F17A06 /* WorldTrotterTests.swift in Sources */ = {isa = PBXBuildFile; fileRef = 859EB5351F4F35E900F17A06 /* WorldTrotterTests.swift */; };
		859EB5411F4F35E900F17A06 /* WorldTrotterUITests.swift in Sources */ = {isa = PBXBuildFile; fileRef = 859EB5401F4F35E900F17A06 /* WorldTrotterUITests.swift */; };
		859EB5551F4F5C2A00F17A06 /* ConversionViewController.swift in Sources */ = {isa = PBXBuildFile; fileRef = 859EB5541F4F5C2A00F17A06 /* ConversionViewController.swift */; };
		859EB5581F4FC66F00F17A06 /* MapKit.framework in Frameworks */ = {isa = PBXBuildFile; fileRef = 859EB5571F4FC66F00F17A06 /* MapKit.framework */; };
		859EB55A1F4FDBA600F17A06 /* MapViewController.swift in Sources */ = {isa = PBXBuildFile; fileRef = 859EB5591F4FDBA600F17A06 /* MapViewController.swift */; };
/* End PBXBuildFile section */

/* Begin PBXContainerItemProxy section */
		859EB5321F4F35E900F17A06 /* PBXContainerItemProxy */ = {
			isa = PBXContainerItemProxy;
			containerPortal = 859EB5151F4F35E900F17A06 /* Project object */;
			proxyType = 1;
			remoteGlobalIDString = 859EB51C1F4F35E900F17A06;
			remoteInfo = WorldTrotter;
		};
		859EB53D1F4F35E900F17A06 /* PBXContainerItemProxy */ = {
			isa = PBXContainerItemProxy;
			containerPortal = 859EB5151F4F35E900F17A06 /* Project object */;
			proxyType = 1;
			remoteGlobalIDString = 859EB51C1F4F35E900F17A06;
			remoteInfo = WorldTrotter;
		};
/* End PBXContainerItemProxy section */

/* Begin PBXFileReference section */
		859EB51D1F4F35E900F17A06 /* WorldTrotter.app */ = {isa = PBXFileReference; explicitFileType = wrapper.application; includeInIndex = 0; path = WorldTrotter.app; sourceTree = BUILT_PRODUCTS_DIR; };
		859EB5201F4F35E900F17A06 /* AppDelegate.swift */ = {isa = PBXFileReference; lastKnownFileType = sourcecode.swift; path = AppDelegate.swift; sourceTree = "<group>"; };
		859EB5251F4F35E900F17A06 /* Base */ = {isa = PBXFileReference; lastKnownFileType = file.storyboard; name = Base; path = Base.lproj/Main.storyboard; sourceTree = "<group>"; };
		859EB5271F4F35E900F17A06 /* Assets.xcassets */ = {isa = PBXFileReference; lastKnownFileType = folder.assetcatalog; path = Assets.xcassets; sourceTree = "<group>"; };
		859EB52A1F4F35E900F17A06 /* Base */ = {isa = PBXFileReference; lastKnownFileType = file.storyboard; name = Base; path = Base.lproj/LaunchScreen.storyboard; sourceTree = "<group>"; };
		859EB52C1F4F35E900F17A06 /* Info.plist */ = {isa = PBXFileReference; lastKnownFileType = text.plist.xml; path = Info.plist; sourceTree = "<group>"; };
		859EB5311F4F35E900F17A06 /* WorldTrotterTests.xctest */ = {isa = PBXFileReference; explicitFileType = wrapper.cfbundle; includeInIndex = 0; path = WorldTrotterTests.xctest; sourceTree = BUILT_PRODUCTS_DIR; };
		859EB5351F4F35E900F17A06 /* WorldTrotterTests.swift */ = {isa = PBXFileReference; lastKnownFileType = sourcecode.swift; path = WorldTrotterTests.swift; sourceTree = "<group>"; };
		859EB5371F4F35E900F17A06 /* Info.plist */ = {isa = PBXFileReference; lastKnownFileType = text.plist.xml; path = Info.plist; sourceTree = "<group>"; };
		859EB53C1F4F35E900F17A06 /* WorldTrotterUITests.xctest */ = {isa = PBXFileReference; explicitFileType = wrapper.cfbundle; includeInIndex = 0; path = WorldTrotterUITests.xctest; sourceTree = BUILT_PRODUCTS_DIR; };
		859EB5401F4F35E900F17A06 /* WorldTrotterUITests.swift */ = {isa = PBXFileReference; lastKnownFileType = sourcecode.swift; path = WorldTrotterUITests.swift; sourceTree = "<group>"; };
		859EB5421F4F35E900F17A06 /* Info.plist */ = {isa = PBXFileReference; lastKnownFileType = text.plist.xml; path = Info.plist; sourceTree = "<group>"; };
		859EB5541F4F5C2A00F17A06 /* ConversionViewController.swift */ = {isa = PBXFileReference; fileEncoding = 4; lastKnownFileType = sourcecode.swift; path = ConversionViewController.swift; sourceTree = "<group>"; };
		859EB5571F4FC66F00F17A06 /* MapKit.framework */ = {isa = PBXFileReference; lastKnownFileType = wrapper.framework; name = MapKit.framework; path = System/Library/Frameworks/MapKit.framework; sourceTree = SDKROOT; };
		859EB5591F4FDBA600F17A06 /* MapViewController.swift */ = {isa = PBXFileReference; fileEncoding = 4; lastKnownFileType = sourcecode.swift; path = MapViewController.swift; sourceTree = "<group>"; };
/* End PBXFileReference section */

/* Begin PBXFrameworksBuildPhase section */
		859EB51A1F4F35E900F17A06 /* Frameworks */ = {
			isa = PBXFrameworksBuildPhase;
			buildActionMask = 2147483647;
			files = (
				859EB5581F4FC66F00F17A06 /* MapKit.framework in Frameworks */,
			);
			runOnlyForDeploymentPostprocessing = 0;
		};
		859EB52E1F4F35E900F17A06 /* Frameworks */ = {
			isa = PBXFrameworksBuildPhase;
			buildActionMask = 2147483647;
			files = (
			);
			runOnlyForDeploymentPostprocessing = 0;
		};
		859EB5391F4F35E900F17A06 /* Frameworks */ = {
			isa = PBXFrameworksBuildPhase;
			buildActionMask = 2147483647;
			files = (
			);
			runOnlyForDeploymentPostprocessing = 0;
		};
/* End PBXFrameworksBuildPhase section */

/* Begin PBXGroup section */
		859EB5141F4F35E900F17A06 = {
			isa = PBXGroup;
			children = (
				859EB51F1F4F35E900F17A06 /* WorldTrotter */,
				859EB5341F4F35E900F17A06 /* WorldTrotterTests */,
				859EB53F1F4F35E900F17A06 /* WorldTrotterUITests */,
				859EB51E1F4F35E900F17A06 /* Products */,
				859EB5561F4FC66F00F17A06 /* Frameworks */,
			);
			sourceTree = "<group>";
		};
		859EB51E1F4F35E900F17A06 /* Products */ = {
			isa = PBXGroup;
			children = (
				859EB51D1F4F35E900F17A06 /* WorldTrotter.app */,
				859EB5311F4F35E900F17A06 /* WorldTrotterTests.xctest */,
				859EB53C1F4F35E900F17A06 /* WorldTrotterUITests.xctest */,
			);
			name = Products;
			sourceTree = "<group>";
		};
		859EB51F1F4F35E900F17A06 /* WorldTrotter */ = {
			isa = PBXGroup;
			children = (
				859EB5201F4F35E900F17A06 /* AppDelegate.swift */,
				859EB5241F4F35E900F17A06 /* Main.storyboard */,
				859EB5271F4F35E900F17A06 /* Assets.xcassets */,
				859EB5291F4F35E900F17A06 /* LaunchScreen.storyboard */,
				859EB52C1F4F35E900F17A06 /* Info.plist */,
				859EB5541F4F5C2A00F17A06 /* ConversionViewController.swift */,
				859EB5591F4FDBA600F17A06 /* MapViewController.swift */,
			);
			path = WorldTrotter;
			sourceTree = "<group>";
		};
		859EB5341F4F35E900F17A06 /* WorldTrotterTests */ = {
			isa = PBXGroup;
			children = (
				859EB5351F4F35E900F17A06 /* WorldTrotterTests.swift */,
				859EB5371F4F35E900F17A06 /* Info.plist */,
			);
			path = WorldTrotterTests;
			sourceTree = "<group>";
		};
		859EB53F1F4F35E900F17A06 /* WorldTrotterUITests */ = {
			isa = PBXGroup;
			children = (
				859EB5401F4F35E900F17A06 /* WorldTrotterUITests.swift */,
				859EB5421F4F35E900F17A06 /* Info.plist */,
			);
			path = WorldTrotterUITests;
			sourceTree = "<group>";
		};
		859EB5561F4FC66F00F17A06 /* Frameworks */ = {
			isa = PBXGroup;
			children = (
				859EB5571F4FC66F00F17A06 /* MapKit.framework */,
			);
			name = Frameworks;
			sourceTree = "<group>";
		};
/* End PBXGroup section */

/* Begin PBXNativeTarget section */
		859EB51C1F4F35E900F17A06 /* WorldTrotter */ = {
			isa = PBXNativeTarget;
			buildConfigurationList = 859EB5451F4F35E900F17A06 /* Build configuration list for PBXNativeTarget "WorldTrotter" */;
			buildPhases = (
				859EB5191F4F35E900F17A06 /* Sources */,
				859EB51A1F4F35E900F17A06 /* Frameworks */,
				859EB51B1F4F35E900F17A06 /* Resources */,
			);
			buildRules = (
			);
			dependencies = (
			);
			name = WorldTrotter;
			productName = WorldTrotter;
			productReference = 859EB51D1F4F35E900F17A06 /* WorldTrotter.app */;
			productType = "com.apple.product-type.application";
		};
		859EB5301F4F35E900F17A06 /* WorldTrotterTests */ = {
			isa = PBXNativeTarget;
			buildConfigurationList = 859EB5481F4F35E900F17A06 /* Build configuration list for PBXNativeTarget "WorldTrotterTests" */;
			buildPhases = (
				859EB52D1F4F35E900F17A06 /* Sources */,
				859EB52E1F4F35E900F17A06 /* Frameworks */,
				859EB52F1F4F35E900F17A06 /* Resources */,
			);
			buildRules = (
			);
			dependencies = (
				859EB5331F4F35E900F17A06 /* PBXTargetDependency */,
			);
			name = WorldTrotterTests;
			productName = WorldTrotterTests;
			productReference = 859EB5311F4F35E900F17A06 /* WorldTrotterTests.xctest */;
			productType = "com.apple.product-type.bundle.unit-test";
		};
		859EB53B1F4F35E900F17A06 /* WorldTrotterUITests */ = {
			isa = PBXNativeTarget;
			buildConfigurationList = 859EB54B1F4F35E900F17A06 /* Build configuration list for PBXNativeTarget "WorldTrotterUITests" */;
			buildPhases = (
				859EB5381F4F35E900F17A06 /* Sources */,
				859EB5391F4F35E900F17A06 /* Frameworks */,
				859EB53A1F4F35E900F17A06 /* Resources */,
			);
			buildRules = (
			);
			dependencies = (
				859EB53E1F4F35E900F17A06 /* PBXTargetDependency */,
			);
			name = WorldTrotterUITests;
			productName = WorldTrotterUITests;
			productReference = 859EB53C1F4F35E900F17A06 /* WorldTrotterUITests.xctest */;
			productType = "com.apple.product-type.bundle.ui-testing";
		};
/* End PBXNativeTarget section */

/* Begin PBXProject section */
		859EB5151F4F35E900F17A06 /* Project object */ = {
			isa = PBXProject;
			attributes = {
				LastSwiftUpdateCheck = 0830;
				LastUpgradeCheck = 0830;
				ORGANIZATIONNAME = elesoft;
				TargetAttributes = {
					859EB51C1F4F35E900F17A06 = {
						CreatedOnToolsVersion = 8.3.3;
						DevelopmentTeam = M87WYV79PC;
						ProvisioningStyle = Automatic;
					};
					859EB5301F4F35E900F17A06 = {
						CreatedOnToolsVersion = 8.3.3;
						DevelopmentTeam = M87WYV79PC;
						ProvisioningStyle = Automatic;
						TestTargetID = 859EB51C1F4F35E900F17A06;
					};
					859EB53B1F4F35E900F17A06 = {
						CreatedOnToolsVersion = 8.3.3;
						DevelopmentTeam = M87WYV79PC;
						ProvisioningStyle = Automatic;
						TestTargetID = 859EB51C1F4F35E900F17A06;
					};
				};
			};
			buildConfigurationList = 859EB5181F4F35E900F17A06 /* Build configuration list for PBXProject "WorldTrotter" */;
			compatibilityVersion = "Xcode 3.2";
			developmentRegion = English;
			hasScannedForEncodings = 0;
			knownRegions = (
				en,
				Base,
			);
			mainGroup = 859EB5141F4F35E900F17A06;
			productRefGroup = 859EB51E1F4F35E900F17A06 /* Products */;
			projectDirPath = "";
			projectRoot = "";
			targets = (
				859EB51C1F4F35E900F17A06 /* WorldTrotter */,
				859EB5301F4F35E900F17A06 /* WorldTrotterTests */,
				859EB53B1F4F35E900F17A06 /* WorldTrotterUITests */,
			);
		};
/* End PBXProject section */

/* Begin PBXResourcesBuildPhase section */
		859EB51B1F4F35E900F17A06 /* Resources */ = {
			isa = PBXResourcesBuildPhase;
			buildActionMask = 2147483647;
			files = (
				859EB52B1F4F35E900F17A06 /* LaunchScreen.storyboard in Resources */,
				859EB5281F4F35E900F17A06 /* Assets.xcassets in Resources */,
				859EB5261F4F35E900F17A06 /* Main.storyboard in Resources */,
			);
			runOnlyForDeploymentPostprocessing = 0;
		};
		859EB52F1F4F35E900F17A06 /* Resources */ = {
			isa = PBXResourcesBuildPhase;
			buildActionMask = 2147483647;
			files = (
			);
			runOnlyForDeploymentPostprocessing = 0;
		};
		859EB53A1F4F35E900F17A06 /* Resources */ = {
			isa = PBXResourcesBuildPhase;
			buildActionMask = 2147483647;
			files = (
			);
			runOnlyForDeploymentPostprocessing = 0;
		};
/* End PBXResourcesBuildPhase section */

/* Begin PBXSourcesBuildPhase section */
		859EB5191F4F35E900F17A06 /* Sources */ = {
			isa = PBXSourcesBuildPhase;
			buildActionMask = 2147483647;
			files = (
				859EB5551F4F5C2A00F17A06 /* ConversionViewController.swift in Sources */,
				859EB55A1F4FDBA600F17A06 /* MapViewController.swift in Sources */,
				859EB5211F4F35E900F17A06 /* AppDelegate.swift in Sources */,
			);
			runOnlyForDeploymentPostprocessing = 0;
		};
		859EB52D1F4F35E900F17A06 /* Sources */ = {
			isa = PBXSourcesBuildPhase;
			buildActionMask = 2147483647;
			files = (
				859EB5361F4F35E900F17A06 /* WorldTrotterTests.swift in Sources */,
			);
			runOnlyForDeploymentPostprocessing = 0;
		};
		859EB5381F4F35E900F17A06 /* Sources */ = {
			isa = PBXSourcesBuildPhase;
			buildActionMask = 2147483647;
			files = (
				859EB5411F4F35E900F17A06 /* WorldTrotterUITests.swift in Sources */,
			);
			runOnlyForDeploymentPostprocessing = 0;
		};
/* End PBXSourcesBuildPhase section */

/* Begin PBXTargetDependency section */
		859EB5331F4F35E900F17A06 /* PBXTargetDependency */ = {
			isa = PBXTargetDependency;
			target = 859EB51C1F4F35E900F17A06 /* WorldTrotter */;
			targetProxy = 859EB5321F4F35E900F17A06 /* PBXContainerItemProxy */;
		};
		859EB53E1F4F35E900F17A06 /* PBXTargetDependency */ = {
			isa = PBXTargetDependency;
			target = 859EB51C1F4F35E900F17A06 /* WorldTrotter */;
			targetProxy = 859EB53D1F4F35E900F17A06 /* PBXContainerItemProxy */;
		};
/* End PBXTargetDependency section */

/* Begin PBXVariantGroup section */
		859EB5241F4F35E900F17A06 /* Main.storyboard */ = {
			isa = PBXVariantGroup;
			children = (
				859EB5251F4F35E900F17A06 /* Base */,
			);
			name = Main.storyboard;
			sourceTree = "<group>";
		};
		859EB5291F4F35E900F17A06 /* LaunchScreen.storyboard */ = {
			isa = PBXVariantGroup;
			children = (
				859EB52A1F4F35E900F17A06 /* Base */,
			);
			name = LaunchScreen.storyboard;
			sourceTree = "<group>";
		};
/* End PBXVariantGroup section */

/* Begin XCBuildConfiguration section */
		859EB5431F4F35E900F17A06 /* Debug */ = {
			isa = XCBuildConfiguration;
			buildSettings = {
				ALWAYS_SEARCH_USER_PATHS = NO;
				CLANG_ANALYZER_NONNULL = YES;
				CLANG_ANALYZER_NUMBER_OBJECT_CONVERSION = YES_AGGRESSIVE;
				CLANG_CXX_LANGUAGE_STANDARD = "gnu++0x";
				CLANG_CXX_LIBRARY = "libc++";
				CLANG_ENABLE_MODULES = YES;
				CLANG_ENABLE_OBJC_ARC = YES;
				CLANG_WARN_BOOL_CONVERSION = YES;
				CLANG_WARN_CONSTANT_CONVERSION = YES;
				CLANG_WARN_DIRECT_OBJC_ISA_USAGE = YES_ERROR;
				CLANG_WARN_DOCUMENTATION_COMMENTS = YES;
				CLANG_WARN_EMPTY_BODY = YES;
				CLANG_WARN_ENUM_CONVERSION = YES;
				CLANG_WARN_INFINITE_RECURSION = YES;
				CLANG_WARN_INT_CONVERSION = YES;
				CLANG_WARN_OBJC_ROOT_CLASS = YES_ERROR;
				CLANG_WARN_SUSPICIOUS_MOVE = YES;
				CLANG_WARN_UNREACHABLE_CODE = YES;
				CLANG_WARN__DUPLICATE_METHOD_MATCH = YES;
				"CODE_SIGN_IDENTITY[sdk=iphoneos*]" = "iPhone Developer";
				COPY_PHASE_STRIP = NO;
				DEBUG_INFORMATION_FORMAT = dwarf;
				ENABLE_STRICT_OBJC_MSGSEND = YES;
				ENABLE_TESTABILITY = YES;
				GCC_C_LANGUAGE_STANDARD = gnu99;
				GCC_DYNAMIC_NO_PIC = NO;
				GCC_NO_COMMON_BLOCKS = YES;
				GCC_OPTIMIZATION_LEVEL = 0;
				GCC_PREPROCESSOR_DEFINITIONS = (
					"DEBUG=1",
					"$(inherited)",
				);
				GCC_WARN_64_TO_32_BIT_CONVERSION = YES;
				GCC_WARN_ABOUT_RETURN_TYPE = YES_ERROR;
				GCC_WARN_UNDECLARED_SELECTOR = YES;
				GCC_WARN_UNINITIALIZED_AUTOS = YES_AGGRESSIVE;
				GCC_WARN_UNUSED_FUNCTION = YES;
				GCC_WARN_UNUSED_VARIABLE = YES;
				IPHONEOS_DEPLOYMENT_TARGET = 10.3;
				MTL_ENABLE_DEBUG_INFO = YES;
				ONLY_ACTIVE_ARCH = YES;
				SDKROOT = iphoneos;
				SWIFT_ACTIVE_COMPILATION_CONDITIONS = DEBUG;
				SWIFT_OPTIMIZATION_LEVEL = "-Onone";
				TARGETED_DEVICE_FAMILY = "1,2";
			};
			name = Debug;
		};
		859EB5441F4F35E900F17A06 /* Release */ = {
			isa = XCBuildConfiguration;
			buildSettings = {
				ALWAYS_SEARCH_USER_PATHS = NO;
				CLANG_ANALYZER_NONNULL = YES;
				CLANG_ANALYZER_NUMBER_OBJECT_CONVERSION = YES_AGGRESSIVE;
				CLANG_CXX_LANGUAGE_STANDARD = "gnu++0x";
				CLANG_CXX_LIBRARY = "libc++";
				CLANG_ENABLE_MODULES = YES;
				CLANG_ENABLE_OBJC_ARC = YES;
				CLANG_WARN_BOOL_CONVERSION = YES;
				CLANG_WARN_CONSTANT_CONVERSION = YES;
				CLANG_WARN_DIRECT_OBJC_ISA_USAGE = YES_ERROR;
				CLANG_WARN_DOCUMENTATION_COMMENTS = YES;
				CLANG_WARN_EMPTY_BODY = YES;
				CLANG_WARN_ENUM_CONVERSION = YES;
				CLANG_WARN_INFINITE_RECURSION = YES;
				CLANG_WARN_INT_CONVERSION = YES;
				CLANG_WARN_OBJC_ROOT_CLASS = YES_ERROR;
				CLANG_WARN_SUSPICIOUS_MOVE = YES;
				CLANG_WARN_UNREACHABLE_CODE = YES;
				CLANG_WARN__DUPLICATE_METHOD_MATCH = YES;
				"CODE_SIGN_IDENTITY[sdk=iphoneos*]" = "iPhone Developer";
				COPY_PHASE_STRIP = NO;
				DEBUG_INFORMATION_FORMAT = "dwarf-with-dsym";
				ENABLE_NS_ASSERTIONS = NO;
				ENABLE_STRICT_OBJC_MSGSEND = YES;
				GCC_C_LANGUAGE_STANDARD = gnu99;
				GCC_NO_COMMON_BLOCKS = YES;
				GCC_WARN_64_TO_32_BIT_CONVERSION = YES;
				GCC_WARN_ABOUT_RETURN_TYPE = YES_ERROR;
				GCC_WARN_UNDECLARED_SELECTOR = YES;
				GCC_WARN_UNINITIALIZED_AUTOS = YES_AGGRESSIVE;
				GCC_WARN_UNUSED_FUNCTION = YES;
				GCC_WARN_UNUSED_VARIABLE = YES;
				IPHONEOS_DEPLOYMENT_TARGET = 10.3;
				MTL_ENABLE_DEBUG_INFO = NO;
				SDKROOT = iphoneos;
				SWIFT_OPTIMIZATION_LEVEL = "-Owholemodule";
				TARGETED_DEVICE_FAMILY = "1,2";
				VALIDATE_PRODUCT = YES;
			};
			name = Release;
		};
		859EB5461F4F35E900F17A06 /* Debug */ = {
			isa = XCBuildConfiguration;
			buildSettings = {
				ASSETCATALOG_COMPILER_APPICON_NAME = AppIcon;
				DEVELOPMENT_TEAM = M87WYV79PC;
				INFOPLIST_FILE = WorldTrotter/Info.plist;
				LD_RUNPATH_SEARCH_PATHS = "$(inherited) @executable_path/Frameworks";
				PRODUCT_BUNDLE_IDENTIFIER = com.elesoft.WorldTrotter;
				PRODUCT_NAME = "$(TARGET_NAME)";
				SWIFT_VERSION = 3.0;
			};
			name = Debug;
		};
		859EB5471F4F35E900F17A06 /* Release */ = {
			isa = XCBuildConfiguration;
			buildSettings = {
				ASSETCATALOG_COMPILER_APPICON_NAME = AppIcon;
				DEVELOPMENT_TEAM = M87WYV79PC;
				INFOPLIST_FILE = WorldTrotter/Info.plist;
				LD_RUNPATH_SEARCH_PATHS = "$(inherited) @executable_path/Frameworks";
				PRODUCT_BUNDLE_IDENTIFIER = com.elesoft.WorldTrotter;
				PRODUCT_NAME = "$(TARGET_NAME)";
				SWIFT_VERSION = 3.0;
			};
			name = Release;
		};
		859EB5491F4F35E900F17A06 /* Debug */ = {
			isa = XCBuildConfiguration;
			buildSettings = {
				ALWAYS_EMBED_SWIFT_STANDARD_LIBRARIES = YES;
				BUNDLE_LOADER = "$(TEST_HOST)";
				DEVELOPMENT_TEAM = M87WYV79PC;
				INFOPLIST_FILE = WorldTrotterTests/Info.plist;
				LD_RUNPATH_SEARCH_PATHS = "$(inherited) @executable_path/Frameworks @loader_path/Frameworks";
				PRODUCT_BUNDLE_IDENTIFIER = com.elesoft.WorldTrotterTests;
				PRODUCT_NAME = "$(TARGET_NAME)";
				SWIFT_VERSION = 3.0;
				TEST_HOST = "$(BUILT_PRODUCTS_DIR)/WorldTrotter.app/WorldTrotter";
			};
			name = Debug;
		};
		859EB54A1F4F35E900F17A06 /* Release */ = {
			isa = XCBuildConfiguration;
			buildSettings = {
				ALWAYS_EMBED_SWIFT_STANDARD_LIBRARIES = YES;
				BUNDLE_LOADER = "$(TEST_HOST)";
				DEVELOPMENT_TEAM = M87WYV79PC;
				INFOPLIST_FILE = WorldTrotterTests/Info.plist;
				LD_RUNPATH_SEARCH_PATHS = "$(inherited) @executable_path/Frameworks @loader_path/Frameworks";
				PRODUCT_BUNDLE_IDENTIFIER = com.elesoft.WorldTrotterTests;
				PRODUCT_NAME = "$(TARGET_NAME)";
				SWIFT_VERSION = 3.0;
				TEST_HOST = "$(BUILT_PRODUCTS_DIR)/WorldTrotter.app/WorldTrotter";
			};
			name = Release;
		};
		859EB54C1F4F35E900F17A06 /* Debug */ = {
			isa = XCBuildConfiguration;
			buildSettings = {
				ALWAYS_EMBED_SWIFT_STANDARD_LIBRARIES = YES;
				DEVELOPMENT_TEAM = M87WYV79PC;
				INFOPLIST_FILE = WorldTrotterUITests/Info.plist;
				LD_RUNPATH_SEARCH_PATHS = "$(inherited) @executable_path/Frameworks @loader_path/Frameworks";
				PRODUCT_BUNDLE_IDENTIFIER = com.elesoft.WorldTrotterUITests;
				PRODUCT_NAME = "$(TARGET_NAME)";
				SWIFT_VERSION = 3.0;
				TEST_TARGET_NAME = WorldTrotter;
			};
			name = Debug;
		};
		859EB54D1F4F35E900F17A06 /* Release */ = {
			isa = XCBuildConfiguration;
			buildSettings = {
				ALWAYS_EMBED_SWIFT_STANDARD_LIBRARIES = YES;
				DEVELOPMENT_TEAM = M87WYV79PC;
				INFOPLIST_FILE = WorldTrotterUITests/Info.plist;
				LD_RUNPATH_SEARCH_PATHS = "$(inherited) @executable_path/Frameworks @loader_path/Frameworks";
				PRODUCT_BUNDLE_IDENTIFIER = com.elesoft.WorldTrotterUITests;
				PRODUCT_NAME = "$(TARGET_NAME)";
				SWIFT_VERSION = 3.0;
				TEST_TARGET_NAME = WorldTrotter;
			};
			name = Release;
		};
/* End XCBuildConfiguration section */

/* Begin XCConfigurationList section */
		859EB5181F4F35E900F17A06 /* Build configuration list for PBXProject "WorldTrotter" */ = {
			isa = XCConfigurationList;
			buildConfigurations = (
				859EB5431F4F35E900F17A06 /* Debug */,
				859EB5441F4F35E900F17A06 /* Release */,
			);
			defaultConfigurationIsVisible = 0;
			defaultConfigurationName = Release;
		};
		859EB5451F4F35E900F17A06 /* Build configuration list for PBXNativeTarget "WorldTrotter" */ = {
			isa = XCConfigurationList;
			buildConfigurations = (
				859EB5461F4F35E900F17A06 /* Debug */,
				859EB5471F4F35E900F17A06 /* Release */,
			);
			defaultConfigurationIsVisible = 0;
		};
		859EB5481F4F35E900F17A06 /* Build configuration list for PBXNativeTarget "WorldTrotterTests" */ = {
			isa = XCConfigurationList;
			buildConfigurations = (
				859EB5491F4F35E900F17A06 /* Debug */,
				859EB54A1F4F35E900F17A06 /* Release */,
			);
			defaultConfigurationIsVisible = 0;
		};
		859EB54B1F4F35E900F17A06 /* Build configuration list for PBXNativeTarget "WorldTrotterUITests" */ = {
			isa = XCConfigurationList;
			buildConfigurations = (
				859EB54C1F4F35E900F17A06 /* Debug */,
				859EB54D1F4F35E900F17A06 /* Release */,
			);
			defaultConfigurationIsVisible = 0;
		};
/* End XCConfigurationList section */
	};
	rootObject = 859EB5151F4F35E900F17A06 /* Project object */;
}
